
Microsoft Visual Studio Solution File, Format Version 12.00
# Visual Studio Version 17
VisualStudioVersion = 17.4.33020.496
MinimumVisualStudioVersion = 10.0.40219.1
Project("{8BC9CEB8-8B4A-11D0-8D11-00A0C91BC942}") = "lab_3", "lab_3\lab_3.vcxproj", "{3AB74A56-6911-4D00-AAD1-62F146DE7570}"
EndProject
Global
	GlobalSection(SolutionConfigurationPlatforms) = preSolution
		Debug|x64 = Debug|x64
		Debug|x86 = Debug|x86
		Release|x64 = Release|x64
		Release|x86 = Release|x86
	EndGlobalSection
	GlobalSection(ProjectConfigurationPlatforms) = postSolution
		{3AB74A56-6911-4D00-AAD1-62F146DE7570}.Debug|x64.ActiveCfg = Debug|x64
		{3AB74A56-6911-4D00-AAD1-62F146DE7570}.Debug|x64.Build.0 = Debug|x64
		{3AB74A56-6911-4D00-AAD1-62F146DE7570}.Debug|x86.ActiveCfg = Debug|Win32
		{3AB74A56-6911-4D00-AAD1-62F146DE7570}.Debug|x86.Build.0 = Debug|Win32
		{3AB74A56-6911-4D00-AAD1-62F146DE7570}.Release|x64.ActiveCfg = Release|x64
		{3AB74A56-6911-4D00-AAD1-62F146DE7570}.Release|x64.Build.0 = Release|x64
		{3AB74A56-6911-4D00-AAD1-62F146DE7570}.Release|x86.ActiveCfg = Release|Win32
		{3AB74A56-6911-4D00-AAD1-62F146DE7570}.Release|x86.Build.0 = Release|Win32
	EndGlobalSection
	GlobalSection(SolutionProperties) = preSolution
		HideSolutionNode = FALSE
	EndGlobalSection
	GlobalSection(ExtensibilityGlobals) = postSolution
		SolutionGuid = {6399260B-A379-439F-90CD-BD0EB282B74C}
	EndGlobalSection
EndGlobal
